
Microsoft Visual Studio Solution File, Format Version 12.00
# Visual Studio Version 17
VisualStudioVersion = 17.5.33414.496
MinimumVisualStudioVersion = 10.0.40219.1
Project("{9A19103F-16F7-4668-BE54-9A1E7A4F7556}") = "Nez", "Nez.Portable\Nez.csproj", "{B027D743-74AE-47F3-A0E2-ED4239F19E39}"
EndProject
Project("{9A19103F-16F7-4668-BE54-9A1E7A4F7556}") = "Nez.GeonBit", "Nez.GeonBit\Nez.GeonBit.csproj", "{92755162-786B-4FBB-8486-270B7816F329}"
EndProject
Project("{9A19103F-16F7-4668-BE54-9A1E7A4F7556}") = "Nez.GeonBit.UI", "Nez.GeonBit.UI\Nez.GeonBit.UI.csproj", "{EECE60E0-7B49-4E2E-801F-9BD410B2630B}"
EndProject
Project("{9A19103F-16F7-4668-BE54-9A1E7A4F7556}") = "Nez.REST", "Nez.REST\Nez.REST.csproj", "{438C6C05-B6FE-4642-8B9C-5D5741B87836}"
EndProject
Project("{9A19103F-16F7-4668-BE54-9A1E7A4F7556}") = "Nez.ExtendedContent", "Nez.ExtendedContent\Nez.ExtendedContent.csproj", "{C832C089-428D-47AA-A318-811BF1819845}"
EndProject
Project("{2150E333-8FDC-42A3-9474-1A3956D46DE8}") = "Tools", "Tools", "{9FBA3C17-D448-48AB-B0F7-9AA7BAA584B1}"
EndProject
Project("{FAE04EC0-301F-11D3-BF4B-00C04F79EFBC}") = "LocaliSaatana", "Tools\LocaliSaatana\LocaliSaatana.csproj", "{ED8EE464-219C-4F62-A397-A14F576D1AB8}"
EndProject
Global
	GlobalSection(SolutionConfigurationPlatforms) = preSolution
		Debug|Any CPU = Debug|Any CPU
		Debug|x64 = Debug|x64
		Release|Any CPU = Release|Any CPU
		Release|x64 = Release|x64
		VM|Any CPU = VM|Any CPU
		VM|x64 = VM|x64
	EndGlobalSection
	GlobalSection(ProjectConfigurationPlatforms) = postSolution
		{B027D743-74AE-47F3-A0E2-ED4239F19E39}.Debug|Any CPU.ActiveCfg = Debug|Any CPU
		{B027D743-74AE-47F3-A0E2-ED4239F19E39}.Debug|Any CPU.Build.0 = Debug|Any CPU
		{B027D743-74AE-47F3-A0E2-ED4239F19E39}.Debug|x64.ActiveCfg = Debug|x64
		{B027D743-74AE-47F3-A0E2-ED4239F19E39}.Debug|x64.Build.0 = Debug|x64
		{B027D743-74AE-47F3-A0E2-ED4239F19E39}.Release|Any CPU.ActiveCfg = Release|Any CPU
		{B027D743-74AE-47F3-A0E2-ED4239F19E39}.Release|Any CPU.Build.0 = Release|Any CPU
		{B027D743-74AE-47F3-A0E2-ED4239F19E39}.Release|x64.ActiveCfg = Release|x64
		{B027D743-74AE-47F3-A0E2-ED4239F19E39}.Release|x64.Build.0 = Release|x64
		{B027D743-74AE-47F3-A0E2-ED4239F19E39}.VM|Any CPU.ActiveCfg = VM|Any CPU
		{B027D743-74AE-47F3-A0E2-ED4239F19E39}.VM|Any CPU.Build.0 = VM|Any CPU
		{B027D743-74AE-47F3-A0E2-ED4239F19E39}.VM|x64.ActiveCfg = VM|x64
		{B027D743-74AE-47F3-A0E2-ED4239F19E39}.VM|x64.Build.0 = VM|x64
		{92755162-786B-4FBB-8486-270B7816F329}.Debug|Any CPU.ActiveCfg = Debug|Any CPU
		{92755162-786B-4FBB-8486-270B7816F329}.Debug|Any CPU.Build.0 = Debug|Any CPU
		{92755162-786B-4FBB-8486-270B7816F329}.Debug|x64.ActiveCfg = Debug|Any CPU
		{92755162-786B-4FBB-8486-270B7816F329}.Debug|x64.Build.0 = Debug|Any CPU
		{92755162-786B-4FBB-8486-270B7816F329}.Release|Any CPU.ActiveCfg = Release|Any CPU
		{92755162-786B-4FBB-8486-270B7816F329}.Release|Any CPU.Build.0 = Release|Any CPU
		{92755162-786B-4FBB-8486-270B7816F329}.Release|x64.ActiveCfg = Release|Any CPU
		{92755162-786B-4FBB-8486-270B7816F329}.Release|x64.Build.0 = Release|Any CPU
		{92755162-786B-4FBB-8486-270B7816F329}.VM|Any CPU.ActiveCfg = VM|Any CPU
		{92755162-786B-4FBB-8486-270B7816F329}.VM|Any CPU.Build.0 = VM|Any CPU
		{92755162-786B-4FBB-8486-270B7816F329}.VM|x64.ActiveCfg = VM|Any CPU
		{92755162-786B-4FBB-8486-270B7816F329}.VM|x64.Build.0 = VM|Any CPU
		{EECE60E0-7B49-4E2E-801F-9BD410B2630B}.Debug|Any CPU.ActiveCfg = Debug|Any CPU
		{EECE60E0-7B49-4E2E-801F-9BD410B2630B}.Debug|Any CPU.Build.0 = Debug|Any CPU
		{EECE60E0-7B49-4E2E-801F-9BD410B2630B}.Debug|x64.ActiveCfg = Debug|Any CPU
		{EECE60E0-7B49-4E2E-801F-9BD410B2630B}.Debug|x64.Build.0 = Debug|Any CPU
		{EECE60E0-7B49-4E2E-801F-9BD410B2630B}.Release|Any CPU.ActiveCfg = Release|Any CPU
		{EECE60E0-7B49-4E2E-801F-9BD410B2630B}.Release|Any CPU.Build.0 = Release|Any CPU
		{EECE60E0-7B49-4E2E-801F-9BD410B2630B}.Release|x64.ActiveCfg = Release|Any CPU
		{EECE60E0-7B49-4E2E-801F-9BD410B2630B}.Release|x64.Build.0 = Release|Any CPU
		{EECE60E0-7B49-4E2E-801F-9BD410B2630B}.VM|Any CPU.ActiveCfg = VM|Any CPU
		{EECE60E0-7B49-4E2E-801F-9BD410B2630B}.VM|Any CPU.Build.0 = VM|Any CPU
		{EECE60E0-7B49-4E2E-801F-9BD410B2630B}.VM|x64.ActiveCfg = VM|Any CPU
		{EECE60E0-7B49-4E2E-801F-9BD410B2630B}.VM|x64.Build.0 = VM|Any CPU
		{438C6C05-B6FE-4642-8B9C-5D5741B87836}.Debug|Any CPU.ActiveCfg = Debug|Any CPU
		{438C6C05-B6FE-4642-8B9C-5D5741B87836}.Debug|Any CPU.Build.0 = Debug|Any CPU
		{438C6C05-B6FE-4642-8B9C-5D5741B87836}.Debug|x64.ActiveCfg = Debug|x64
		{438C6C05-B6FE-4642-8B9C-5D5741B87836}.Debug|x64.Build.0 = Debug|x64
		{438C6C05-B6FE-4642-8B9C-5D5741B87836}.Release|Any CPU.ActiveCfg = Release|Any CPU
		{438C6C05-B6FE-4642-8B9C-5D5741B87836}.Release|Any CPU.Build.0 = Release|Any CPU
		{438C6C05-B6FE-4642-8B9C-5D5741B87836}.Release|x64.ActiveCfg = Release|x64
		{438C6C05-B6FE-4642-8B9C-5D5741B87836}.Release|x64.Build.0 = Release|x64
		{438C6C05-B6FE-4642-8B9C-5D5741B87836}.VM|Any CPU.ActiveCfg = Debug|Any CPU
		{438C6C05-B6FE-4642-8B9C-5D5741B87836}.VM|Any CPU.Build.0 = Debug|Any CPU
		{438C6C05-B6FE-4642-8B9C-5D5741B87836}.VM|x64.ActiveCfg = Debug|x64
		{438C6C05-B6FE-4642-8B9C-5D5741B87836}.VM|x64.Build.0 = Debug|x64
		{C832C089-428D-47AA-A318-811BF1819845}.Debug|Any CPU.ActiveCfg = Debug|Any CPU
		{C832C089-428D-47AA-A318-811BF1819845}.Debug|Any CPU.Build.0 = Debug|Any CPU
		{C832C089-428D-47AA-A318-811BF1819845}.Debug|x64.ActiveCfg = Debug|Any CPU
		{C832C089-428D-47AA-A318-811BF1819845}.Debug|x64.Build.0 = Debug|Any CPU
		{C832C089-428D-47AA-A318-811BF1819845}.Release|Any CPU.ActiveCfg = Release|Any CPU
		{C832C089-428D-47AA-A318-811BF1819845}.Release|Any CPU.Build.0 = Release|Any CPU
		{C832C089-428D-47AA-A318-811BF1819845}.Release|x64.ActiveCfg = Release|Any CPU
		{C832C089-428D-47AA-A318-811BF1819845}.Release|x64.Build.0 = Release|Any CPU
		{C832C089-428D-47AA-A318-811BF1819845}.VM|Any CPU.ActiveCfg = Debug|Any CPU
		{C832C089-428D-47AA-A318-811BF1819845}.VM|Any CPU.Build.0 = Debug|Any CPU
		{C832C089-428D-47AA-A318-811BF1819845}.VM|x64.ActiveCfg = Debug|Any CPU
		{C832C089-428D-47AA-A318-811BF1819845}.VM|x64.Build.0 = Debug|Any CPU
		{ED8EE464-219C-4F62-A397-A14F576D1AB8}.Debug|Any CPU.ActiveCfg = Debug|Any CPU
		{ED8EE464-219C-4F62-A397-A14F576D1AB8}.Debug|Any CPU.Build.0 = Debug|Any CPU
		{ED8EE464-219C-4F62-A397-A14F576D1AB8}.Debug|x64.ActiveCfg = Debug|Any CPU
		{ED8EE464-219C-4F62-A397-A14F576D1AB8}.Debug|x64.Build.0 = Debug|Any CPU
		{ED8EE464-219C-4F62-A397-A14F576D1AB8}.Release|Any CPU.ActiveCfg = Release|Any CPU
		{ED8EE464-219C-4F62-A397-A14F576D1AB8}.Release|Any CPU.Build.0 = Release|Any CPU
		{ED8EE464-219C-4F62-A397-A14F576D1AB8}.Release|x64.ActiveCfg = Release|Any CPU
		{ED8EE464-219C-4F62-A397-A14F576D1AB8}.Release|x64.Build.0 = Release|Any CPU
		{ED8EE464-219C-4F62-A397-A14F576D1AB8}.VM|Any CPU.ActiveCfg = Debug|Any CPU
		{ED8EE464-219C-4F62-A397-A14F576D1AB8}.VM|Any CPU.Build.0 = Debug|Any CPU
		{ED8EE464-219C-4F62-A397-A14F576D1AB8}.VM|x64.ActiveCfg = Debug|Any CPU
		{ED8EE464-219C-4F62-A397-A14F576D1AB8}.VM|x64.Build.0 = Debug|Any CPU
	EndGlobalSection
	GlobalSection(SolutionProperties) = preSolution
		HideSolutionNode = FALSE
	EndGlobalSection
	GlobalSection(NestedProjects) = preSolution
		{ED8EE464-219C-4F62-A397-A14F576D1AB8} = {9FBA3C17-D448-48AB-B0F7-9AA7BAA584B1}
	EndGlobalSection
	GlobalSection(ExtensibilityGlobals) = postSolution
		SolutionGuid = {AE7EBF0A-0E79-4E9F-9758-D9A7E95743CD}
	EndGlobalSection
EndGlobal
